
Microsoft Visual Studio Solution File, Format Version 12.00
# Visual Studio Version 17
VisualStudioVersion = 17.6.33829.357
MinimumVisualStudioVersion = 10.0.40219.1
Project("{9A19103F-16F7-4668-BE54-9A1E7A4F7556}") = "AhlCourseProject.WebUI", "AhlCourseProject.WebUI\AhlCourseProject.WebUI.csproj", "{57EC9DA0-D54F-4144-9BAE-AE937A1097AF}"
EndProject
Global
	GlobalSection(SolutionConfigurationPlatforms) = preSolution
		Debug|Any CPU = Debug|Any CPU
		Release|Any CPU = Release|Any CPU
	EndGlobalSection
	GlobalSection(ProjectConfigurationPlatforms) = postSolution
		{57EC9DA0-D54F-4144-9BAE-AE937A1097AF}.Debug|Any CPU.ActiveCfg = Debug|Any CPU
		{57EC9DA0-D54F-4144-9BAE-AE937A1097AF}.Debug|Any CPU.Build.0 = Debug|Any CPU
		{57EC9DA0-D54F-4144-9BAE-AE937A1097AF}.Release|Any CPU.ActiveCfg = Release|Any CPU
		{57EC9DA0-D54F-4144-9BAE-AE937A1097AF}.Release|Any CPU.Build.0 = Release|Any CPU
	EndGlobalSection
	GlobalSection(SolutionProperties) = preSolution
		HideSolutionNode = FALSE
	EndGlobalSection
	GlobalSection(ExtensibilityGlobals) = postSolution
		SolutionGuid = {E6331C62-4406-4AB2-A533-6C84C73406E3}
	EndGlobalSection
EndGlobal
